
Microsoft Visual Studio Solution File, Format Version 12.00
# Visual Studio Version 16
VisualStudioVersion = 16.0.31729.503
MinimumVisualStudioVersion = 10.0.40219.1
Project("{FAE04EC0-301F-11D3-BF4B-00C04F79EFBC}") = "ex03_VentasBarrio", "ex03_VentasBarrio\ex03_VentasBarrio.csproj", "{B61234E1-A6FF-4773-9E0D-542B8419CAD2}"
EndProject
Global
	GlobalSection(SolutionConfigurationPlatforms) = preSolution
		Debug|Any CPU = Debug|Any CPU
		Release|Any CPU = Release|Any CPU
	EndGlobalSection
	GlobalSection(ProjectConfigurationPlatforms) = postSolution
		{B61234E1-A6FF-4773-9E0D-542B8419CAD2}.Debug|Any CPU.ActiveCfg = Debug|Any CPU
		{B61234E1-A6FF-4773-9E0D-542B8419CAD2}.Debug|Any CPU.Build.0 = Debug|Any CPU
		{B61234E1-A6FF-4773-9E0D-542B8419CAD2}.Release|Any CPU.ActiveCfg = Release|Any CPU
		{B61234E1-A6FF-4773-9E0D-542B8419CAD2}.Release|Any CPU.Build.0 = Release|Any CPU
	EndGlobalSection
	GlobalSection(SolutionProperties) = preSolution
		HideSolutionNode = FALSE
	EndGlobalSection
	GlobalSection(ExtensibilityGlobals) = postSolution
		SolutionGuid = {569F2940-EE94-4A2C-8354-20C91543979E}
	EndGlobalSection
EndGlobal
